{
  "name": "Frontend",
  "lockfileVersion": 3,
  "requires": true,
  "packages": {
    "": {
      "dependencies": {
        "apache": "^0.1.0"
      }
    },
    "node_modules/apache": {
      "version": "0.1.0",
      "resolved": "https://registry.npmjs.org/apache/-/apache-0.1.0.tgz",
      "integrity": "sha512-1y1lEl175DSWezD+VIdkFLbmCd/dHtAlXkg1FLTnQpzfU1nM8Q4RHd/qAL2xwi1CtjvX+Idq2LonWwi5XPr/qQ=="
    }
  }
}
